
Microsoft Visual Studio Solution File, Format Version 12.00
# Visual Studio 2012
Project("{FAE04EC0-301F-11D3-BF4B-00C04F79EFBC}") = "ForeingExchangedMac", "ForeingExchangedMac\ForeingExchangedMac.csproj", "{DB0E1D58-9E90-4CB3-9CB9-607D7D399D28}"
EndProject
Project("{FAE04EC0-301F-11D3-BF4B-00C04F79EFBC}") = "ForeingExchangedMac.iOS", "iOS\ForeingExchangedMac.iOS.csproj", "{A95EA1EE-46CD-4AC0-845A-E22E1A911D67}"
EndProject
Project("{FAE04EC0-301F-11D3-BF4B-00C04F79EFBC}") = "ForeingExchangedMac.Droid", "Droid\ForeingExchangedMac.Droid.csproj", "{5FCFD2B0-7EB0-4E41-A7F4-1421E52C86F5}"
EndProject
Global
	GlobalSection(SolutionConfigurationPlatforms) = preSolution
		Debug|Any CPU = Debug|Any CPU
		Release|Any CPU = Release|Any CPU
		Debug|iPhoneSimulator = Debug|iPhoneSimulator
		Release|iPhone = Release|iPhone
		Release|iPhoneSimulator = Release|iPhoneSimulator
		Debug|iPhone = Debug|iPhone
	EndGlobalSection
	GlobalSection(ProjectConfigurationPlatforms) = postSolution
		{DB0E1D58-9E90-4CB3-9CB9-607D7D399D28}.Debug|Any CPU.ActiveCfg = Debug|Any CPU
		{DB0E1D58-9E90-4CB3-9CB9-607D7D399D28}.Debug|Any CPU.Build.0 = Debug|Any CPU
		{DB0E1D58-9E90-4CB3-9CB9-607D7D399D28}.Release|Any CPU.ActiveCfg = Release|Any CPU
		{DB0E1D58-9E90-4CB3-9CB9-607D7D399D28}.Release|Any CPU.Build.0 = Release|Any CPU
		{DB0E1D58-9E90-4CB3-9CB9-607D7D399D28}.Debug|iPhoneSimulator.ActiveCfg = Debug|Any CPU
		{DB0E1D58-9E90-4CB3-9CB9-607D7D399D28}.Debug|iPhoneSimulator.Build.0 = Debug|Any CPU
		{DB0E1D58-9E90-4CB3-9CB9-607D7D399D28}.Release|iPhone.ActiveCfg = Release|Any CPU
		{DB0E1D58-9E90-4CB3-9CB9-607D7D399D28}.Release|iPhone.Build.0 = Release|Any CPU
		{DB0E1D58-9E90-4CB3-9CB9-607D7D399D28}.Release|iPhoneSimulator.ActiveCfg = Release|Any CPU
		{DB0E1D58-9E90-4CB3-9CB9-607D7D399D28}.Release|iPhoneSimulator.Build.0 = Release|Any CPU
		{DB0E1D58-9E90-4CB3-9CB9-607D7D399D28}.Debug|iPhone.ActiveCfg = Debug|Any CPU
		{DB0E1D58-9E90-4CB3-9CB9-607D7D399D28}.Debug|iPhone.Build.0 = Debug|Any CPU
		{A95EA1EE-46CD-4AC0-845A-E22E1A911D67}.Debug|Any CPU.ActiveCfg = Debug|iPhoneSimulator
		{A95EA1EE-46CD-4AC0-845A-E22E1A911D67}.Debug|Any CPU.Build.0 = Debug|iPhoneSimulator
		{A95EA1EE-46CD-4AC0-845A-E22E1A911D67}.Release|Any CPU.ActiveCfg = Release|iPhone
		{A95EA1EE-46CD-4AC0-845A-E22E1A911D67}.Release|Any CPU.Build.0 = Release|iPhone
		{A95EA1EE-46CD-4AC0-845A-E22E1A911D67}.Debug|iPhoneSimulator.ActiveCfg = Debug|iPhoneSimulator
		{A95EA1EE-46CD-4AC0-845A-E22E1A911D67}.Debug|iPhoneSimulator.Build.0 = Debug|iPhoneSimulator
		{A95EA1EE-46CD-4AC0-845A-E22E1A911D67}.Release|iPhone.ActiveCfg = Release|iPhone
		{A95EA1EE-46CD-4AC0-845A-E22E1A911D67}.Release|iPhone.Build.0 = Release|iPhone
		{A95EA1EE-46CD-4AC0-845A-E22E1A911D67}.Release|iPhoneSimulator.ActiveCfg = Release|iPhoneSimulator
		{A95EA1EE-46CD-4AC0-845A-E22E1A911D67}.Release|iPhoneSimulator.Build.0 = Release|iPhoneSimulator
		{A95EA1EE-46CD-4AC0-845A-E22E1A911D67}.Debug|iPhone.ActiveCfg = Debug|iPhone
		{A95EA1EE-46CD-4AC0-845A-E22E1A911D67}.Debug|iPhone.Build.0 = Debug|iPhone
		{5FCFD2B0-7EB0-4E41-A7F4-1421E52C86F5}.Debug|Any CPU.ActiveCfg = Debug|Any CPU
		{5FCFD2B0-7EB0-4E41-A7F4-1421E52C86F5}.Debug|Any CPU.Build.0 = Debug|Any CPU
		{5FCFD2B0-7EB0-4E41-A7F4-1421E52C86F5}.Release|Any CPU.ActiveCfg = Release|Any CPU
		{5FCFD2B0-7EB0-4E41-A7F4-1421E52C86F5}.Release|Any CPU.Build.0 = Release|Any CPU
		{5FCFD2B0-7EB0-4E41-A7F4-1421E52C86F5}.Debug|iPhoneSimulator.ActiveCfg = Debug|Any CPU
		{5FCFD2B0-7EB0-4E41-A7F4-1421E52C86F5}.Debug|iPhoneSimulator.Build.0 = Debug|Any CPU
		{5FCFD2B0-7EB0-4E41-A7F4-1421E52C86F5}.Release|iPhone.ActiveCfg = Release|Any CPU
		{5FCFD2B0-7EB0-4E41-A7F4-1421E52C86F5}.Release|iPhone.Build.0 = Release|Any CPU
		{5FCFD2B0-7EB0-4E41-A7F4-1421E52C86F5}.Release|iPhoneSimulator.ActiveCfg = Release|Any CPU
		{5FCFD2B0-7EB0-4E41-A7F4-1421E52C86F5}.Release|iPhoneSimulator.Build.0 = Release|Any CPU
		{5FCFD2B0-7EB0-4E41-A7F4-1421E52C86F5}.Debug|iPhone.ActiveCfg = Debug|Any CPU
		{5FCFD2B0-7EB0-4E41-A7F4-1421E52C86F5}.Debug|iPhone.Build.0 = Debug|Any CPU
	EndGlobalSection
EndGlobal
